
Microsoft Visual Studio Solution File, Format Version 12.00
# Visual Studio 15
VisualStudioVersion = 15.0.27703.2047
MinimumVisualStudioVersion = 10.0.40219.1
Project("{FAE04EC0-301F-11D3-BF4B-00C04F79EFBC}") = "NSupport", "NSupport\NSupport.csproj", "{04441C77-714D-423F-8FEE-B2E2D8DB78A7}"
EndProject
Global
	GlobalSection(SolutionConfigurationPlatforms) = preSolution
		Debug|Any CPU = Debug|Any CPU
		Release|Any CPU = Release|Any CPU
	EndGlobalSection
	GlobalSection(ProjectConfigurationPlatforms) = postSolution
		{04441C77-714D-423F-8FEE-B2E2D8DB78A7}.Debug|Any CPU.ActiveCfg = Debug|Any CPU
		{04441C77-714D-423F-8FEE-B2E2D8DB78A7}.Debug|Any CPU.Build.0 = Debug|Any CPU
		{04441C77-714D-423F-8FEE-B2E2D8DB78A7}.Release|Any CPU.ActiveCfg = Release|Any CPU
		{04441C77-714D-423F-8FEE-B2E2D8DB78A7}.Release|Any CPU.Build.0 = Release|Any CPU
	EndGlobalSection
	GlobalSection(SolutionProperties) = preSolution
		HideSolutionNode = FALSE
	EndGlobalSection
	GlobalSection(ExtensibilityGlobals) = postSolution
		SolutionGuid = {3B91AB8B-35FD-4374-948A-E6DF0AE2E297}
	EndGlobalSection
EndGlobal
